{
  "name": "proxmox-backup",
  "version": "1.0.0",
  "lockfileVersion": 3,
  "requires": true,
  "packages": {
    "": {
      "name": "proxmox-backup",
      "version": "1.0.0",
      "license": "BSD-2-Clause",
      "bin": {
        "backup-host": "local/bin/backup_host.sh",
        "pve_util": "local/lib/pve_util.sh",
        "test1": "local/src/tests/test1.sh",
        "test2": "local/src/tests/test2.sh"
      }
    }
  }
}
